<?xml version="1.0" encoding="utf-8"?>
<Project ToolsVersion="4.0" xmlns="http://schemas.microsoft.com/developer/msbuild/2003">
  <ItemGroup>
    <Filter Include="Source Files">
      <UniqueIdentifier>{4FC737F1-C7A5-4376-A066-2A32D752A2FF}</UniqueIdentifier>
      <Extensions>cpp;c;cc;cxx;def;odl;idl;hpj;bat;asm;asmx</Extensions>
    </Filter>
    <Filter Include="Header Files">
      <UniqueIdentifier>{93995380-89BD-4b04-88EB-625FBE52EBFB}</UniqueIdentifier>
      <Extensions>h;hh;hpp;hxx;hm;inl;inc;xsd</Extensions>
    </Filter>
    <Filter Include="Resource Files">
      <UniqueIdentifier>{67DA6AB6-F800-4c08-8B7A-83BB121AAD01}</UniqueIdentifier>
      <Extensions>rc;ico;cur;bmp;dlg;rc2;rct;bin;rgs;gif;jpg;jpeg;jpe;resx;tiff;tif;png;wav;mfcribbon-ms</Extensions>
    </Filter>
    <Filter Include="Game">
      <UniqueIdentifier>{7be97992-4e62-41d5-bfb3-c9b93678c560}</UniqueIdentifier>
    </Filter>
    <Filter Include="Game\Sources">
      <UniqueIdentifier>{b0ce4c2b-b021-4e07-aba4-a7eb081203fe}</UniqueIdentifier>
    </Filter>
    <Filter Include="Game\Headers">
      <UniqueIdentifier>{d0a0a5da-6979-427e-b6e8-3a50280f41e7}</UniqueIdentifier>
    </Filter>
  </ItemGroup>
  <ItemGroup>
    <ClCompile Include="DrawFunctions.cpp">
      <Filter>Source Files</Filter>
    </ClCompile>
    <ClCompile Include="Game2D.cpp">
      <Filter>Source Files</Filter>
    </ClCompile>
    <ClCompile Include="main.cpp">
      <Filter>Source Files</Filter>
    </ClCompile>
    <ClCompile Include="Timer.cpp">
      <Filter>Source Files</Filter>
    </ClCompile>
    <ClCompile Include="DotSystem.cpp">
      <Filter>Game\Sources</Filter>
    </ClCompile>
    <ClCompile Include="Player.cpp">
      <Filter>Game\Sources</Filter>
    </ClCompile>
    <ClCompile Include="Bullet.cpp">
      <Filter>Game\Sources</Filter>
    </ClCompile>
    <ClCompile Include="DotDatas.cpp">
      <Filter>Game\Sources</Filter>
    </ClCompile>
    <ClCompile Include="SoundEngine_Singleton.cpp">
      <Filter>Game\Sources</Filter>
    </ClCompile>
    <ClCompile Include="EndlessShooting.cpp">
      <Filter>Game\Sources</Filter>
    </ClCompile>
    <ClCompile Include="BulletManager.cpp">
      <Filter>Game\Sources</Filter>
    </ClCompile>
    <ClCompile Include="Monster.cpp">
      <Filter>Game\Sources</Filter>
    </ClCompile>
  </ItemGroup>
  <ItemGroup>
    <ClInclude Include="Colors.h">
      <Filter>Header Files</Filter>
    </ClInclude>
    <ClInclude Include="DrawFunctions.h">
      <Filter>Header Files</Filter>
    </ClInclude>
    <ClInclude Include="Game2D.h">
      <Filter>Header Files</Filter>
    </ClInclude>
    <ClInclude Include="RGB.h">
      <Filter>Header Files</Filter>
    </ClInclude>
    <ClInclude Include="Timer.h">
      <Filter>Header Files</Filter>
    </ClInclude>
    <ClInclude Include="Vector2.h">
      <Filter>Header Files</Filter>
    </ClInclude>
    <ClInclude Include="Vector3.h">
      <Filter>Header Files</Filter>
    </ClInclude>
    <ClInclude Include="DotSystem.h">
      <Filter>Game\Headers</Filter>
    </ClInclude>
    <ClInclude Include="DotDatas.h">
      <Filter>Game\Headers</Filter>
    </ClInclude>
    <ClInclude Include="Player.h">
      <Filter>Game\Headers</Filter>
    </ClInclude>
    <ClInclude Include="Object.h">
      <Filter>Game\Headers</Filter>
    </ClInclude>
    <ClInclude Include="Bullet.h">
      <Filter>Game\Headers</Filter>
    </ClInclude>
    <ClInclude Include="SoundEngine_Singleton.h">
      <Filter>Game\Headers</Filter>
    </ClInclude>
    <ClInclude Include="EndlessShooting.h">
      <Filter>Game\Headers</Filter>
    </ClInclude>
    <ClInclude Include="BulletManager.h">
      <Filter>Game\Headers</Filter>
    </ClInclude>
    <ClInclude Include="Monster.h">
      <Filter>Game\Headers</Filter>
    </ClInclude>
  </ItemGroup>
</Project>